
Microsoft Visual Studio Solution File, Format Version 12.00
# Visual Studio Version 17
VisualStudioVersion = 17.13.35931.197 d17.13
MinimumVisualStudioVersion = 10.0.40219.1
Project("{8BC9CEB8-8B4A-11D0-8D11-00A0C91BC942}") = "2019180042_3D프로그래밍_과제1", "2019180042_3D프로그래밍_과제1\2019180042_3D프로그래밍_과제1.vcxproj", "{C79D0810-A988-4007-9C83-D3B4C1F353F4}"
EndProject
Global
	GlobalSection(SolutionConfigurationPlatforms) = preSolution
		Debug|x64 = Debug|x64
		Debug|x86 = Debug|x86
		Release|x64 = Release|x64
		Release|x86 = Release|x86
	EndGlobalSection
	GlobalSection(ProjectConfigurationPlatforms) = postSolution
		{C79D0810-A988-4007-9C83-D3B4C1F353F4}.Debug|x64.ActiveCfg = Debug|x64
		{C79D0810-A988-4007-9C83-D3B4C1F353F4}.Debug|x64.Build.0 = Debug|x64
		{C79D0810-A988-4007-9C83-D3B4C1F353F4}.Debug|x86.ActiveCfg = Debug|Win32
		{C79D0810-A988-4007-9C83-D3B4C1F353F4}.Debug|x86.Build.0 = Debug|Win32
		{C79D0810-A988-4007-9C83-D3B4C1F353F4}.Release|x64.ActiveCfg = Release|x64
		{C79D0810-A988-4007-9C83-D3B4C1F353F4}.Release|x64.Build.0 = Release|x64
		{C79D0810-A988-4007-9C83-D3B4C1F353F4}.Release|x86.ActiveCfg = Release|Win32
		{C79D0810-A988-4007-9C83-D3B4C1F353F4}.Release|x86.Build.0 = Release|Win32
	EndGlobalSection
	GlobalSection(SolutionProperties) = preSolution
		HideSolutionNode = FALSE
	EndGlobalSection
	GlobalSection(ExtensibilityGlobals) = postSolution
		SolutionGuid = {B11DF320-9608-47BB-AE25-5F65EC9F7880}
	EndGlobalSection
EndGlobal
